// !$*UTF8*$!
{
	archiveVersion = 1;
	classes = {
	};
	objectVersion = 46;
	objects = {

/* Begin PBXBuildFile section */
		220DDFCF14F6206400770AA8 /* ChildBrowserCommand.m in Sources */ = {isa = PBXBuildFile; fileRef = 220DDFCB14F6206400770AA8 /* ChildBrowserCommand.m */; };
		220DDFD014F6206400770AA8 /* ChildBrowserViewController.m in Sources */ = {isa = PBXBuildFile; fileRef = 220DDFCD14F6206400770AA8 /* ChildBrowserViewController.m */; };
		2217040E14F6262A0097D266 /* ChildBrowserViewController.xib in Resources */ = {isa = PBXBuildFile; fileRef = 2217040D14F6262A0097D266 /* ChildBrowserViewController.xib */; };
		228F59A2150F128C00F3E560 /* icon-144.png in Resources */ = {isa = PBXBuildFile; fileRef = 228F59A1150F128C00F3E560 /* icon-144.png */; };
		228F59A4150F12A800F3E560 /* Default-Portrait@2x.png in Resources */ = {isa = PBXBuildFile; fileRef = 228F59A3150F12A800F3E560 /* Default-Portrait@2x.png */; };
		22DC172D1521943C000A7D35 /* Default-Landscape@2x.png in Resources */ = {isa = PBXBuildFile; fileRef = 22DC172C1521943C000A7D35 /* Default-Landscape@2x.png */; };
		22DC1730152194F4000A7D35 /* Default-Landscape.png in Resources */ = {isa = PBXBuildFile; fileRef = 22DC172F152194F4000A7D35 /* Default-Landscape.png */; };
		22E0ECC21510585200CE1F2C /* index.html in CopyFiles */ = {isa = PBXBuildFile; fileRef = 22E0ECC01510584500CE1F2C /* index.html */; };
		22E0ECC7151058D900CE1F2C /* img in CopyFiles */ = {isa = PBXBuildFile; fileRef = 22E0ECC6151058D900CE1F2C /* img */; };
		22E0ECC91510592700CE1F2C /* css in CopyFiles */ = {isa = PBXBuildFile; fileRef = 22E0ECC81510592700CE1F2C /* css */; };
		22E0ECCB15105D2D00CE1F2C /* all.js in CopyFiles */ = {isa = PBXBuildFile; fileRef = 22E0ECCA15105D2D00CE1F2C /* all.js */; };
		22EC03B514F61B1700205358 /* Foundation.framework in Frameworks */ = {isa = PBXBuildFile; fileRef = 22EC03B414F61B1700205358 /* Foundation.framework */; };
		22EC03B714F61B1700205358 /* UIKit.framework in Frameworks */ = {isa = PBXBuildFile; fileRef = 22EC03B614F61B1700205358 /* UIKit.framework */; };
		22EC03B914F61B1700205358 /* CoreGraphics.framework in Frameworks */ = {isa = PBXBuildFile; fileRef = 22EC03B814F61B1700205358 /* CoreGraphics.framework */; };
		22EC03BB14F61B1700205358 /* AddressBook.framework in Frameworks */ = {isa = PBXBuildFile; fileRef = 22EC03BA14F61B1700205358 /* AddressBook.framework */; };
		22EC03BD14F61B1700205358 /* AddressBookUI.framework in Frameworks */ = {isa = PBXBuildFile; fileRef = 22EC03BC14F61B1700205358 /* AddressBookUI.framework */; };
		22EC03BF14F61B1700205358 /* AudioToolbox.framework in Frameworks */ = {isa = PBXBuildFile; fileRef = 22EC03BE14F61B1700205358 /* AudioToolbox.framework */; };
		22EC03C114F61B1700205358 /* AVFoundation.framework in Frameworks */ = {isa = PBXBuildFile; fileRef = 22EC03C014F61B1700205358 /* AVFoundation.framework */; };
		22EC03C314F61B1700205358 /* CoreLocation.framework in Frameworks */ = {isa = PBXBuildFile; fileRef = 22EC03C214F61B1700205358 /* CoreLocation.framework */; };
		22EC03C514F61B1700205358 /* MediaPlayer.framework in Frameworks */ = {isa = PBXBuildFile; fileRef = 22EC03C414F61B1700205358 /* MediaPlayer.framework */; };
		22EC03C714F61B1700205358 /* QuartzCore.framework in Frameworks */ = {isa = PBXBuildFile; fileRef = 22EC03C614F61B1700205358 /* QuartzCore.framework */; };
		22EC03C914F61B1700205358 /* SystemConfiguration.framework in Frameworks */ = {isa = PBXBuildFile; fileRef = 22EC03C814F61B1700205358 /* SystemConfiguration.framework */; };
		22EC03CB14F61B1700205358 /* MobileCoreServices.framework in Frameworks */ = {isa = PBXBuildFile; fileRef = 22EC03CA14F61B1700205358 /* MobileCoreServices.framework */; };
		22EC03CD14F61B1700205358 /* CoreMedia.framework in Frameworks */ = {isa = PBXBuildFile; fileRef = 22EC03CC14F61B1700205358 /* CoreMedia.framework */; };
		22EC03D314F61B1700205358 /* InfoPlist.strings in Resources */ = {isa = PBXBuildFile; fileRef = 22EC03D114F61B1700205358 /* InfoPlist.strings */; };
		22EC03D514F61B1700205358 /* main.m in Sources */ = {isa = PBXBuildFile; fileRef = 22EC03D414F61B1700205358 /* main.m */; };
		22EC03D814F61B1700205358 /* PhoneGap.framework in Frameworks */ = {isa = PBXBuildFile; fileRef = 22EC03D714F61B1700205358 /* PhoneGap.framework */; };
		22EC03DD14F61B1700205358 /* Localizable.strings in Resources */ = {isa = PBXBuildFile; fileRef = 22EC03DB14F61B1700205358 /* Localizable.strings */; };
		22EC03E114F61B1700205358 /* Localizable.strings in Resources */ = {isa = PBXBuildFile; fileRef = 22EC03DF14F61B1700205358 /* Localizable.strings */; };
		22EC03E414F61B1700205358 /* icon.png in Resources */ = {isa = PBXBuildFile; fileRef = 22EC03E314F61B1700205358 /* icon.png */; };
		22EC03E614F61B1700205358 /* icon@2x.png in Resources */ = {isa = PBXBuildFile; fileRef = 22EC03E514F61B1700205358 /* icon@2x.png */; };
		22EC03E814F61B1700205358 /* icon-72.png in Resources */ = {isa = PBXBuildFile; fileRef = 22EC03E714F61B1700205358 /* icon-72.png */; };
		22EC03EB14F61B1700205358 /* Default-Portrait.png in Resources */ = {isa = PBXBuildFile; fileRef = 22EC03EA14F61B1700205358 /* Default-Portrait.png */; };
		22EC03EF14F61B1700205358 /* Capture.bundle in Resources */ = {isa = PBXBuildFile; fileRef = 22EC03EE14F61B1700205358 /* Capture.bundle */; };
		22EC03F114F61B1700205358 /* PhoneGap.plist in Resources */ = {isa = PBXBuildFile; fileRef = 22EC03F014F61B1700205358 /* PhoneGap.plist */; };
		22EC03F514F61B1700205358 /* AppDelegate.m in Sources */ = {isa = PBXBuildFile; fileRef = 22EC03F414F61B1700205358 /* AppDelegate.m */; };
		22EC03F814F61B1700205358 /* MainViewController.m in Sources */ = {isa = PBXBuildFile; fileRef = 22EC03F714F61B1700205358 /* MainViewController.m */; };
		22EC03FA14F61B1700205358 /* MainViewController.xib in Resources */ = {isa = PBXBuildFile; fileRef = 22EC03F914F61B1700205358 /* MainViewController.xib */; };
/* End PBXBuildFile section */

/* Begin PBXCopyFilesBuildPhase section */
		22E0ECBC1510575F00CE1F2C /* CopyFiles */ = {
			isa = PBXCopyFilesBuildPhase;
			buildActionMask = 2147483647;
			dstPath = www;
			dstSubfolderSpec = 6;
			files = (
				22E0ECCB15105D2D00CE1F2C /* all.js in CopyFiles */,
				22E0ECC91510592700CE1F2C /* css in CopyFiles */,
				22E0ECC7151058D900CE1F2C /* img in CopyFiles */,
				22E0ECC21510585200CE1F2C /* index.html in CopyFiles */,
			);
			runOnlyForDeploymentPostprocessing = 0;
		};
/* End PBXCopyFilesBuildPhase section */

/* Begin PBXFileReference section */
		220DDFC714F61F8000770AA8 /* www */ = {isa = PBXFileReference; lastKnownFileType = folder; path = www; sourceTree = "<group>"; };
		220DDFCA14F6206400770AA8 /* ChildBrowserCommand.h */ = {isa = PBXFileReference; fileEncoding = 4; lastKnownFileType = sourcecode.c.h; path = ChildBrowserCommand.h; sourceTree = "<group>"; };
		220DDFCB14F6206400770AA8 /* ChildBrowserCommand.m */ = {isa = PBXFileReference; fileEncoding = 4; lastKnownFileType = sourcecode.c.objc; path = ChildBrowserCommand.m; sourceTree = "<group>"; };
		220DDFCC14F6206400770AA8 /* ChildBrowserViewController.h */ = {isa = PBXFileReference; fileEncoding = 4; lastKnownFileType = sourcecode.c.h; path = ChildBrowserViewController.h; sourceTree = "<group>"; };
		220DDFCD14F6206400770AA8 /* ChildBrowserViewController.m */ = {isa = PBXFileReference; fileEncoding = 4; lastKnownFileType = sourcecode.c.objc; path = ChildBrowserViewController.m; sourceTree = "<group>"; };
		2217040D14F6262A0097D266 /* ChildBrowserViewController.xib */ = {isa = PBXFileReference; fileEncoding = 4; lastKnownFileType = file.xib; path = ChildBrowserViewController.xib; sourceTree = "<group>"; };
		224B2D20153CD79300DB381C /* Tweedie.entitlements */ = {isa = PBXFileReference; lastKnownFileType = text.xml; path = Tweedie.entitlements; sourceTree = "<group>"; };
		228F59A1150F128C00F3E560 /* icon-144.png */ = {isa = PBXFileReference; lastKnownFileType = image.png; name = "icon-144.png"; path = "Resources/icons/icon-144.png"; sourceTree = "<group>"; };
		228F59A3150F12A800F3E560 /* Default-Portrait@2x.png */ = {isa = PBXFileReference; lastKnownFileType = image.png; name = "Default-Portrait@2x.png"; path = "Resources/splash/Default-Portrait@2x.png"; sourceTree = "<group>"; };
		22DC172C1521943C000A7D35 /* Default-Landscape@2x.png */ = {isa = PBXFileReference; lastKnownFileType = image.png; name = "Default-Landscape@2x.png"; path = "Resources/splash/Default-Landscape@2x.png"; sourceTree = "<group>"; };
		22DC172F152194F4000A7D35 /* Default-Landscape.png */ = {isa = PBXFileReference; lastKnownFileType = image.png; name = "Default-Landscape.png"; path = "Resources/splash/Default-Landscape.png"; sourceTree = "<group>"; };
		22E0ECC01510584500CE1F2C /* index.html */ = {isa = PBXFileReference; fileEncoding = 4; lastKnownFileType = text.html; name = index.html; path = www/index.html; sourceTree = "<group>"; };
		22E0ECC6151058D900CE1F2C /* img */ = {isa = PBXFileReference; lastKnownFileType = folder; name = img; path = www/img; sourceTree = "<group>"; };
		22E0ECC81510592700CE1F2C /* css */ = {isa = PBXFileReference; lastKnownFileType = folder; name = css; path = www/css; sourceTree = "<group>"; };
		22E0ECCA15105D2D00CE1F2C /* all.js */ = {isa = PBXFileReference; lastKnownFileType = sourcecode.javascript; name = all.js; path = www/js/all.js; sourceTree = "<group>"; };
		22EC03B014F61B1700205358 /* Tweedie.app */ = {isa = PBXFileReference; explicitFileType = wrapper.application; includeInIndex = 0; path = Tweedie.app; sourceTree = BUILT_PRODUCTS_DIR; };
		22EC03B414F61B1700205358 /* Foundation.framework */ = {isa = PBXFileReference; lastKnownFileType = wrapper.framework; name = Foundation.framework; path = System/Library/Frameworks/Foundation.framework; sourceTree = SDKROOT; };
		22EC03B614F61B1700205358 /* UIKit.framework */ = {isa = PBXFileReference; lastKnownFileType = wrapper.framework; name = UIKit.framework; path = System/Library/Frameworks/UIKit.framework; sourceTree = SDKROOT; };
		22EC03B814F61B1700205358 /* CoreGraphics.framework */ = {isa = PBXFileReference; lastKnownFileType = wrapper.framework; name = CoreGraphics.framework; path = System/Library/Frameworks/CoreGraphics.framework; sourceTree = SDKROOT; };
		22EC03BA14F61B1700205358 /* AddressBook.framework */ = {isa = PBXFileReference; lastKnownFileType = wrapper.framework; name = AddressBook.framework; path = System/Library/Frameworks/AddressBook.framework; sourceTree = SDKROOT; };
		22EC03BC14F61B1700205358 /* AddressBookUI.framework */ = {isa = PBXFileReference; lastKnownFileType = wrapper.framework; name = AddressBookUI.framework; path = System/Library/Frameworks/AddressBookUI.framework; sourceTree = SDKROOT; };
		22EC03BE14F61B1700205358 /* AudioToolbox.framework */ = {isa = PBXFileReference; lastKnownFileType = wrapper.framework; name = AudioToolbox.framework; path = System/Library/Frameworks/AudioToolbox.framework; sourceTree = SDKROOT; };
		22EC03C014F61B1700205358 /* AVFoundation.framework */ = {isa = PBXFileReference; lastKnownFileType = wrapper.framework; name = AVFoundation.framework; path = System/Library/Frameworks/AVFoundation.framework; sourceTree = SDKROOT; };
		22EC03C214F61B1700205358 /* CoreLocation.framework */ = {isa = PBXFileReference; lastKnownFileType = wrapper.framework; name = CoreLocation.framework; path = System/Library/Frameworks/CoreLocation.framework; sourceTree = SDKROOT; };
		22EC03C414F61B1700205358 /* MediaPlayer.framework */ = {isa = PBXFileReference; lastKnownFileType = wrapper.framework; name = MediaPlayer.framework; path = System/Library/Frameworks/MediaPlayer.framework; sourceTree = SDKROOT; };
		22EC03C614F61B1700205358 /* QuartzCore.framework */ = {isa = PBXFileReference; lastKnownFileType = wrapper.framework; name = QuartzCore.framework; path = System/Library/Frameworks/QuartzCore.framework; sourceTree = SDKROOT; };
		22EC03C814F61B1700205358 /* SystemConfiguration.framework */ = {isa = PBXFileReference; lastKnownFileType = wrapper.framework; name = SystemConfiguration.framework; path = System/Library/Frameworks/SystemConfiguration.framework; sourceTree = SDKROOT; };
		22EC03CA14F61B1700205358 /* MobileCoreServices.framework */ = {isa = PBXFileReference; lastKnownFileType = wrapper.framework; name = MobileCoreServices.framework; path = System/Library/Frameworks/MobileCoreServices.framework; sourceTree = SDKROOT; };
		22EC03CC14F61B1700205358 /* CoreMedia.framework */ = {isa = PBXFileReference; lastKnownFileType = wrapper.framework; name = CoreMedia.framework; path = System/Library/Frameworks/CoreMedia.framework; sourceTree = SDKROOT; };
		22EC03D014F61B1700205358 /* Tweedie-Info.plist */ = {isa = PBXFileReference; lastKnownFileType = text.plist.xml; path = "Tweedie-Info.plist"; sourceTree = "<group>"; };
		22EC03D214F61B1700205358 /* en */ = {isa = PBXFileReference; lastKnownFileType = text.plist.strings; name = en; path = en.lproj/InfoPlist.strings; sourceTree = "<group>"; };
		22EC03D414F61B1700205358 /* main.m */ = {isa = PBXFileReference; lastKnownFileType = sourcecode.c.objc; path = main.m; sourceTree = "<group>"; };
		22EC03D614F61B1700205358 /* Tweedie-Prefix.pch */ = {isa = PBXFileReference; lastKnownFileType = sourcecode.c.h; path = "Tweedie-Prefix.pch"; sourceTree = "<group>"; };
		22EC03D714F61B1700205358 /* PhoneGap.framework */ = {isa = PBXFileReference; lastKnownFileType = wrapper.framework; name = PhoneGap.framework; path = /Users/Shared/PhoneGap/Frameworks/PhoneGap.framework; sourceTree = "<absolute>"; };
		22EC03DC14F61B1700205358 /* en */ = {isa = PBXFileReference; lastKnownFileType = text.plist.strings; name = en; path = Resources/en.lproj/Localizable.strings; sourceTree = "<group>"; };
		22EC03E014F61B1700205358 /* es */ = {isa = PBXFileReference; lastKnownFileType = text.plist.strings; name = es; path = Resources/es.lproj/Localizable.strings; sourceTree = "<group>"; };
		22EC03E314F61B1700205358 /* icon.png */ = {isa = PBXFileReference; lastKnownFileType = image.png; name = icon.png; path = Resources/icons/icon.png; sourceTree = "<group>"; };
		22EC03E514F61B1700205358 /* icon@2x.png */ = {isa = PBXFileReference; lastKnownFileType = image.png; name = "icon@2x.png"; path = "Resources/icons/icon@2x.png"; sourceTree = "<group>"; };
		22EC03E714F61B1700205358 /* icon-72.png */ = {isa = PBXFileReference; lastKnownFileType = image.png; name = "icon-72.png"; path = "Resources/icons/icon-72.png"; sourceTree = "<group>"; };
		22EC03EA14F61B1700205358 /* Default-Portrait.png */ = {isa = PBXFileReference; lastKnownFileType = image.png; name = "Default-Portrait.png"; path = "Resources/splash/Default-Portrait.png"; sourceTree = "<group>"; };
		22EC03EE14F61B1700205358 /* Capture.bundle */ = {isa = PBXFileReference; lastKnownFileType = "wrapper.plug-in"; name = Capture.bundle; path = Resources/Capture.bundle; sourceTree = "<group>"; };
		22EC03F014F61B1700205358 /* PhoneGap.plist */ = {isa = PBXFileReference; lastKnownFileType = text.plist.xml; path = PhoneGap.plist; sourceTree = "<group>"; };
		22EC03F314F61B1700205358 /* AppDelegate.h */ = {isa = PBXFileReference; lastKnownFileType = sourcecode.c.h; name = AppDelegate.h; path = Classes/AppDelegate.h; sourceTree = "<group>"; };
		22EC03F414F61B1700205358 /* AppDelegate.m */ = {isa = PBXFileReference; lastKnownFileType = sourcecode.c.objc; name = AppDelegate.m; path = Classes/AppDelegate.m; sourceTree = "<group>"; };
		22EC03F614F61B1700205358 /* MainViewController.h */ = {isa = PBXFileReference; lastKnownFileType = sourcecode.c.h; name = MainViewController.h; path = Classes/MainViewController.h; sourceTree = "<group>"; };
		22EC03F714F61B1700205358 /* MainViewController.m */ = {isa = PBXFileReference; lastKnownFileType = sourcecode.c.objc; name = MainViewController.m; path = Classes/MainViewController.m; sourceTree = "<group>"; };
		22EC03F914F61B1700205358 /* MainViewController.xib */ = {isa = PBXFileReference; lastKnownFileType = file.xib; name = MainViewController.xib; path = Classes/MainViewController.xib; sourceTree = "<group>"; };
		22EC03FC14F61B1700205358 /* README */ = {isa = PBXFileReference; lastKnownFileType = text; name = README; path = Plugins/README; sourceTree = "<group>"; };
		22F6FBC4150745A3008B24A3 /* assets */ = {isa = PBXFileReference; lastKnownFileType = folder; path = assets; sourceTree = "<group>"; };
/* End PBXFileReference section */

/* Begin PBXFrameworksBuildPhase section */
		22EC03AA14F61B1700205358 /* Frameworks */ = {
			isa = PBXFrameworksBuildPhase;
			buildActionMask = 2147483647;
			files = (
				22EC03B514F61B1700205358 /* Foundation.framework in Frameworks */,
				22EC03B714F61B1700205358 /* UIKit.framework in Frameworks */,
				22EC03B914F61B1700205358 /* CoreGraphics.framework in Frameworks */,
				22EC03BB14F61B1700205358 /* AddressBook.framework in Frameworks */,
				22EC03BD14F61B1700205358 /* AddressBookUI.framework in Frameworks */,
				22EC03BF14F61B1700205358 /* AudioToolbox.framework in Frameworks */,
				22EC03C114F61B1700205358 /* AVFoundation.framework in Frameworks */,
				22EC03C314F61B1700205358 /* CoreLocation.framework in Frameworks */,
				22EC03C514F61B1700205358 /* MediaPlayer.framework in Frameworks */,
				22EC03C714F61B1700205358 /* QuartzCore.framework in Frameworks */,
				22EC03C914F61B1700205358 /* SystemConfiguration.framework in Frameworks */,
				22EC03CB14F61B1700205358 /* MobileCoreServices.framework in Frameworks */,
				22EC03CD14F61B1700205358 /* CoreMedia.framework in Frameworks */,
				22EC03D814F61B1700205358 /* PhoneGap.framework in Frameworks */,
			);
			runOnlyForDeploymentPostprocessing = 0;
		};
		22EC03AD14F61B1700205358 /* Frameworks */ = {
			isa = PBXFrameworksBuildPhase;
			buildActionMask = 2147483647;
			files = (
			);
			runOnlyForDeploymentPostprocessing = 0;
		};
/* End PBXFrameworksBuildPhase section */

/* Begin PBXGroup section */
		220DDFC914F6205500770AA8 /* ChildBrowser */ = {
			isa = PBXGroup;
			children = (
				2217040D14F6262A0097D266 /* ChildBrowserViewController.xib */,
				220DDFCA14F6206400770AA8 /* ChildBrowserCommand.h */,
				220DDFCB14F6206400770AA8 /* ChildBrowserCommand.m */,
				220DDFCC14F6206400770AA8 /* ChildBrowserViewController.h */,
				220DDFCD14F6206400770AA8 /* ChildBrowserViewController.m */,
			);
			name = ChildBrowser;
			sourceTree = "<group>";
		};
		22E0ECBB151056C700CE1F2C /* web */ = {
			isa = PBXGroup;
			children = (
				22E0ECCA15105D2D00CE1F2C /* all.js */,
				22E0ECC81510592700CE1F2C /* css */,
				22E0ECC6151058D900CE1F2C /* img */,
				22E0ECC01510584500CE1F2C /* index.html */,
			);
			name = web;
			sourceTree = "<group>";
		};
		22EC03A214F61B1700205358 = {
			isa = PBXGroup;
			children = (
				224B2D20153CD79300DB381C /* Tweedie.entitlements */,
				22E0ECBB151056C700CE1F2C /* web */,
				22F6FBC4150745A3008B24A3 /* assets */,
				220DDFC714F61F8000770AA8 /* www */,
				22EC03CE14F61B1700205358 /* Tweed */,
				22EC03B314F61B1700205358 /* Frameworks */,
				22EC03B114F61B1700205358 /* Products */,
			);
			sourceTree = "<group>";
		};
		22EC03B114F61B1700205358 /* Products */ = {
			isa = PBXGroup;
			children = (
				22EC03B014F61B1700205358 /* Tweedie.app */,
			);
			name = Products;
			sourceTree = "<group>";
		};
		22EC03B314F61B1700205358 /* Frameworks */ = {
			isa = PBXGroup;
			children = (
				22EC03B414F61B1700205358 /* Foundation.framework */,
				22EC03B614F61B1700205358 /* UIKit.framework */,
				22EC03B814F61B1700205358 /* CoreGraphics.framework */,
				22EC03BA14F61B1700205358 /* AddressBook.framework */,
				22EC03BC14F61B1700205358 /* AddressBookUI.framework */,
				22EC03BE14F61B1700205358 /* AudioToolbox.framework */,
				22EC03C014F61B1700205358 /* AVFoundation.framework */,
				22EC03C214F61B1700205358 /* CoreLocation.framework */,
				22EC03C414F61B1700205358 /* MediaPlayer.framework */,
				22EC03C614F61B1700205358 /* QuartzCore.framework */,
				22EC03C814F61B1700205358 /* SystemConfiguration.framework */,
				22EC03CA14F61B1700205358 /* MobileCoreServices.framework */,
				22EC03CC14F61B1700205358 /* CoreMedia.framework */,
			);
			name = Frameworks;
			sourceTree = "<group>";
		};
		22EC03CE14F61B1700205358 /* Tweed */ = {
			isa = PBXGroup;
			children = (
				22EC03D714F61B1700205358 /* PhoneGap.framework */,
				22EC03D914F61B1700205358 /* Resources */,
				22EC03F214F61B1700205358 /* Classes */,
				22EC03FB14F61B1700205358 /* Plugins */,
				22EC03CF14F61B1700205358 /* Supporting Files */,
			);
			path = Tweed;
			sourceTree = "<group>";
		};
		22EC03CF14F61B1700205358 /* Supporting Files */ = {
			isa = PBXGroup;
			children = (
				22EC03D014F61B1700205358 /* Tweedie-Info.plist */,
				22EC03D114F61B1700205358 /* InfoPlist.strings */,
				22EC03D414F61B1700205358 /* main.m */,
				22EC03D614F61B1700205358 /* Tweedie-Prefix.pch */,
				22EC03F014F61B1700205358 /* PhoneGap.plist */,
				22EC03F914F61B1700205358 /* MainViewController.xib */,
			);
			name = "Supporting Files";
			sourceTree = "<group>";
		};
		22EC03D914F61B1700205358 /* Resources */ = {
			isa = PBXGroup;
			children = (
				22EC03EE14F61B1700205358 /* Capture.bundle */,
				22EC03DA14F61B1700205358 /* en.lproj */,
				22EC03DE14F61B1700205358 /* es.lproj */,
				22EC03E214F61B1700205358 /* icons */,
				22EC03E914F61B1700205358 /* splash */,
			);
			name = Resources;
			sourceTree = "<group>";
		};
		22EC03DA14F61B1700205358 /* en.lproj */ = {
			isa = PBXGroup;
			children = (
				22EC03DB14F61B1700205358 /* Localizable.strings */,
			);
			name = en.lproj;
			sourceTree = "<group>";
		};
		22EC03DE14F61B1700205358 /* es.lproj */ = {
			isa = PBXGroup;
			children = (
				22EC03DF14F61B1700205358 /* Localizable.strings */,
			);
			name = es.lproj;
			sourceTree = "<group>";
		};
		22EC03E214F61B1700205358 /* icons */ = {
			isa = PBXGroup;
			children = (
				228F59A1150F128C00F3E560 /* icon-144.png */,
				22EC03E314F61B1700205358 /* icon.png */,
				22EC03E514F61B1700205358 /* icon@2x.png */,
				22EC03E714F61B1700205358 /* icon-72.png */,
			);
			name = icons;
			sourceTree = "<group>";
		};
		22EC03E914F61B1700205358 /* splash */ = {
			isa = PBXGroup;
			children = (
				22DC172F152194F4000A7D35 /* Default-Landscape.png */,
				22DC172C1521943C000A7D35 /* Default-Landscape@2x.png */,
				22EC03EA14F61B1700205358 /* Default-Portrait.png */,
				228F59A3150F12A800F3E560 /* Default-Portrait@2x.png */,
			);
			name = splash;
			sourceTree = "<group>";
		};
		22EC03F214F61B1700205358 /* Classes */ = {
			isa = PBXGroup;
			children = (
				22EC03F314F61B1700205358 /* AppDelegate.h */,
				22EC03F414F61B1700205358 /* AppDelegate.m */,
				22EC03F614F61B1700205358 /* MainViewController.h */,
				22EC03F714F61B1700205358 /* MainViewController.m */,
			);
			name = Classes;
			sourceTree = "<group>";
		};
		22EC03FB14F61B1700205358 /* Plugins */ = {
			isa = PBXGroup;
			children = (
				220DDFC914F6205500770AA8 /* ChildBrowser */,
				22EC03FC14F61B1700205358 /* README */,
			);
			name = Plugins;
			sourceTree = "<group>";
		};
/* End PBXGroup section */

/* Begin PBXNativeTarget section */
		22EC03AF14F61B1700205358 /* Tweedie */ = {
			isa = PBXNativeTarget;
			buildConfigurationList = 22EC03FF14F61B1700205358 /* Build configuration list for PBXNativeTarget "Tweedie" */;
			buildPhases = (
				2217041414F6275B0097D266 /* ShellScript */,
				2249DEE214FDA00700A22973 /* ShellScript */,
				22F6FBBC1505F0D7008B24A3 /* ShellScript */,
				22E0ECBC1510575F00CE1F2C /* CopyFiles */,
				22EC03A914F61B1700205358 /* Sources */,
				22EC03AA14F61B1700205358 /* Frameworks */,
				22EC03AB14F61B1700205358 /* Resources */,
				22EC03AC14F61B1700205358 /* Sources */,
				22EC03AD14F61B1700205358 /* Frameworks */,
			);
			buildRules = (
			);
			dependencies = (
			);
			name = Tweedie;
			productName = Tweed;
			productReference = 22EC03B014F61B1700205358 /* Tweedie.app */;
			productType = "com.apple.product-type.application";
		};
/* End PBXNativeTarget section */

/* Begin PBXProject section */
		22EC03A414F61B1700205358 /* Project object */ = {
			isa = PBXProject;
			attributes = {
				LastUpgradeCheck = 0430;
			};
			buildConfigurationList = 22EC03A714F61B1700205358 /* Build configuration list for PBXProject "Tweedie" */;
			compatibilityVersion = "Xcode 3.2";
			developmentRegion = English;
			hasScannedForEncodings = 0;
			knownRegions = (
				en,
				es,
			);
			mainGroup = 22EC03A214F61B1700205358;
			productRefGroup = 22EC03B114F61B1700205358 /* Products */;
			projectDirPath = "";
			projectRoot = "";
			targets = (
				22EC03AF14F61B1700205358 /* Tweedie */,
			);
		};
/* End PBXProject section */

/* Begin PBXResourcesBuildPhase section */
		22EC03AB14F61B1700205358 /* Resources */ = {
			isa = PBXResourcesBuildPhase;
			buildActionMask = 2147483647;
			files = (
				22EC03D314F61B1700205358 /* InfoPlist.strings in Resources */,
				22EC03DD14F61B1700205358 /* Localizable.strings in Resources */,
				22EC03E114F61B1700205358 /* Localizable.strings in Resources */,
				22EC03E414F61B1700205358 /* icon.png in Resources */,
				22EC03E614F61B1700205358 /* icon@2x.png in Resources */,
				22EC03E814F61B1700205358 /* icon-72.png in Resources */,
				22EC03EB14F61B1700205358 /* Default-Portrait.png in Resources */,
				22EC03EF14F61B1700205358 /* Capture.bundle in Resources */,
				22EC03F114F61B1700205358 /* PhoneGap.plist in Resources */,
				22EC03FA14F61B1700205358 /* MainViewController.xib in Resources */,
				2217040E14F6262A0097D266 /* ChildBrowserViewController.xib in Resources */,
				228F59A2150F128C00F3E560 /* icon-144.png in Resources */,
				228F59A4150F12A800F3E560 /* Default-Portrait@2x.png in Resources */,
				22DC172D1521943C000A7D35 /* Default-Landscape@2x.png in Resources */,
				22DC1730152194F4000A7D35 /* Default-Landscape.png in Resources */,
			);
			runOnlyForDeploymentPostprocessing = 0;
		};
/* End PBXResourcesBuildPhase section */

/* Begin PBXShellScriptBuildPhase section */
		2217041414F6275B0097D266 /* ShellScript */ = {
			isa = PBXShellScriptBuildPhase;
			buildActionMask = 2147483647;
			files = (
			);
			inputPaths = (
			);
			outputPaths = (
			);
			runOnlyForDeploymentPostprocessing = 0;
			shellPath = "/bin/sh -x ../xojs/build.sh ../Tweedie/www/js";
			shellScript = "";
			showEnvVarsInLog = 0;
		};
		2249DEE214FDA00700A22973 /* ShellScript */ = {
			isa = PBXShellScriptBuildPhase;
			buildActionMask = 2147483647;
			files = (
			);
			inputPaths = (
			);
			outputPaths = (
			);
			runOnlyForDeploymentPostprocessing = 0;
			shellPath = "/bin/sh ../Tweedie/www/resources/build.sh ../Tweedie/www/resources";
			shellScript = "";
			showEnvVarsInLog = 0;
		};
		22F6FBBC1505F0D7008B24A3 /* ShellScript */ = {
			isa = PBXShellScriptBuildPhase;
			buildActionMask = 2147483647;
			files = (
			);
			inputPaths = (
			);
			outputPaths = (
			);
			runOnlyForDeploymentPostprocessing = 0;
			shellPath = "/bin/sh ../Tweedie/www/js/build.sh ../Tweedie/www/js";
			shellScript = "";
			showEnvVarsInLog = 0;
		};
/* End PBXShellScriptBuildPhase section */

/* Begin PBXSourcesBuildPhase section */
		22EC03A914F61B1700205358 /* Sources */ = {
			isa = PBXSourcesBuildPhase;
			buildActionMask = 2147483647;
			files = (
				22EC03D514F61B1700205358 /* main.m in Sources */,
				22EC03F514F61B1700205358 /* AppDelegate.m in Sources */,
				22EC03F814F61B1700205358 /* MainViewController.m in Sources */,
				220DDFCF14F6206400770AA8 /* ChildBrowserCommand.m in Sources */,
				220DDFD014F6206400770AA8 /* ChildBrowserViewController.m in Sources */,
			);
			runOnlyForDeploymentPostprocessing = 0;
		};
		22EC03AC14F61B1700205358 /* Sources */ = {
			isa = PBXSourcesBuildPhase;
			buildActionMask = 2147483647;
			files = (
			);
			runOnlyForDeploymentPostprocessing = 0;
		};
/* End PBXSourcesBuildPhase section */

/* Begin PBXVariantGroup section */
		22EC03D114F61B1700205358 /* InfoPlist.strings */ = {
			isa = PBXVariantGroup;
			children = (
				22EC03D214F61B1700205358 /* en */,
			);
			name = InfoPlist.strings;
			sourceTree = "<group>";
		};
		22EC03DB14F61B1700205358 /* Localizable.strings */ = {
			isa = PBXVariantGroup;
			children = (
				22EC03DC14F61B1700205358 /* en */,
			);
			name = Localizable.strings;
			sourceTree = "<group>";
		};
		22EC03DF14F61B1700205358 /* Localizable.strings */ = {
			isa = PBXVariantGroup;
			children = (
				22EC03E014F61B1700205358 /* es */,
			);
			name = Localizable.strings;
			sourceTree = "<group>";
		};
/* End PBXVariantGroup section */

/* Begin XCBuildConfiguration section */
		22EC03FD14F61B1700205358 /* Debug */ = {
			isa = XCBuildConfiguration;
			buildSettings = {
				ALWAYS_SEARCH_USER_PATHS = NO;
				ARCHS = "$(ARCHS_STANDARD_32_BIT)";
				"CODE_SIGN_IDENTITY[sdk=iphoneos*]" = "iPhone Developer";
				COPY_PHASE_STRIP = NO;
				GCC_C_LANGUAGE_STANDARD = gnu99;
				GCC_DYNAMIC_NO_PIC = NO;
				GCC_OPTIMIZATION_LEVEL = 0;
				GCC_PREPROCESSOR_DEFINITIONS = (
					"DEBUG=1",
					"$(inherited)",
				);
				GCC_SYMBOLS_PRIVATE_EXTERN = NO;
				GCC_VERSION = com.apple.compilers.llvmgcc42;
				GCC_WARN_ABOUT_RETURN_TYPE = YES;
				GCC_WARN_UNINITIALIZED_AUTOS = YES;
				GCC_WARN_UNUSED_VARIABLE = YES;
				IPHONEOS_DEPLOYMENT_TARGET = 5.1;
				SDKROOT = iphoneos;
			};
			name = Debug;
		};
		22EC03FE14F61B1700205358 /* Release */ = {
			isa = XCBuildConfiguration;
			buildSettings = {
				ALWAYS_SEARCH_USER_PATHS = NO;
				ARCHS = "$(ARCHS_STANDARD_32_BIT)";
				"CODE_SIGN_IDENTITY[sdk=iphoneos*]" = "iPhone Developer";
				COPY_PHASE_STRIP = YES;
				GCC_C_LANGUAGE_STANDARD = gnu99;
				GCC_VERSION = com.apple.compilers.llvmgcc42;
				GCC_WARN_ABOUT_RETURN_TYPE = YES;
				GCC_WARN_UNINITIALIZED_AUTOS = YES;
				GCC_WARN_UNUSED_VARIABLE = YES;
				IPHONEOS_DEPLOYMENT_TARGET = 5.1;
				SDKROOT = iphoneos;
				VALIDATE_PRODUCT = YES;
			};
			name = Release;
		};
		22EC040014F61B1700205358 /* Debug */ = {
			isa = XCBuildConfiguration;
			buildSettings = {
				ALWAYS_SEARCH_USER_PATHS = YES;
				CODE_SIGN_ENTITLEMENTS = Tweedie.entitlements;
				CODE_SIGN_IDENTITY = "iPhone Developer";
				"CODE_SIGN_IDENTITY[sdk=iphoneos*]" = "iPhone Developer";
				COPY_PHASE_STRIP = NO;
				FRAMEWORK_SEARCH_PATHS = /Users/Shared/PhoneGap/Frameworks;
				GCC_DYNAMIC_NO_PIC = NO;
				GCC_PRECOMPILE_PREFIX_HEADER = YES;
				GCC_PREFIX_HEADER = "Tweed/Tweedie-Prefix.pch";
				GCC_PREPROCESSOR_DEFINITIONS = "PHONEGAP_FRAMEWORK=YES";
				GCC_VERSION = com.apple.compilers.llvm.clang.1_0;
				INFOPLIST_FILE = "Tweed/Tweedie-Info.plist";
				IPHONEOS_DEPLOYMENT_TARGET = 5.1;
				OTHER_LDFLAGS = (
					"-weak_framework",
					UIKit,
					"-weak_framework",
					AVFoundation,
					"-weak_framework",
					CoreMedia,
					"-weak_library",
					/usr/lib/libSystem.B.dylib,
				);
				PRODUCT_NAME = Tweedie;
				PROVISIONING_PROFILE = "";
				"PROVISIONING_PROFILE[sdk=iphoneos*]" = "";
				TARGETED_DEVICE_FAMILY = 2;
				WRAPPER_EXTENSION = app;
			};
			name = Debug;
		};
		22EC040114F61B1700205358 /* Release */ = {
			isa = XCBuildConfiguration;
			buildSettings = {
				ALWAYS_SEARCH_USER_PATHS = YES;
				CODE_SIGN_ENTITLEMENTS = Tweedie.entitlements;
				CODE_SIGN_IDENTITY = "iPhone Distribution";
				"CODE_SIGN_IDENTITY[sdk=iphoneos*]" = "iPhone Distribution";
				COPY_PHASE_STRIP = YES;
				DEBUG_INFORMATION_FORMAT = "dwarf-with-dsym";
				FRAMEWORK_SEARCH_PATHS = /Users/Shared/PhoneGap/Frameworks;
				GCC_PRECOMPILE_PREFIX_HEADER = YES;
				GCC_PREFIX_HEADER = "Tweed/Tweedie-Prefix.pch";
				GCC_PREPROCESSOR_DEFINITIONS = "PHONEGAP_FRAMEWORK=YES";
				GCC_VERSION = com.apple.compilers.llvm.clang.1_0;
				INFOPLIST_FILE = "Tweed/Tweedie-Info.plist";
				IPHONEOS_DEPLOYMENT_TARGET = 5.1;
				OTHER_LDFLAGS = (
					"-weak_framework",
					UIKit,
					"-weak_framework",
					AVFoundation,
					"-weak_framework",
					CoreMedia,
					"-weak_library",
					/usr/lib/libSystem.B.dylib,
				);
				PRODUCT_NAME = Tweedie;
				PROVISIONING_PROFILE = "";
				"PROVISIONING_PROFILE[sdk=iphoneos*]" = "";
				TARGETED_DEVICE_FAMILY = 2;
				VALIDATE_PRODUCT = NO;
				WRAPPER_EXTENSION = app;
			};
			name = Release;
		};
/* End XCBuildConfiguration section */

/* Begin XCConfigurationList section */
		22EC03A714F61B1700205358 /* Build configuration list for PBXProject "Tweedie" */ = {
			isa = XCConfigurationList;
			buildConfigurations = (
				22EC03FD14F61B1700205358 /* Debug */,
				22EC03FE14F61B1700205358 /* Release */,
			);
			defaultConfigurationIsVisible = 0;
			defaultConfigurationName = Release;
		};
		22EC03FF14F61B1700205358 /* Build configuration list for PBXNativeTarget "Tweedie" */ = {
			isa = XCConfigurationList;
			buildConfigurations = (
				22EC040014F61B1700205358 /* Debug */,
				22EC040114F61B1700205358 /* Release */,
			);
			defaultConfigurationIsVisible = 0;
			defaultConfigurationName = Release;
		};
/* End XCConfigurationList section */
	};
	rootObject = 22EC03A414F61B1700205358 /* Project object */;
}
